
Microsoft Visual Studio Solution File, Format Version 12.00
# Visual Studio 14
VisualStudioVersion = 14.0.25420.1
MinimumVisualStudioVersion = 10.0.40219.1
Project("{FAE04EC0-301F-11D3-BF4B-00C04F79EFBC}") = "iAsset.WebApi", "iAsset.WebApi\iAsset.WebApi.csproj", "{02328D7F-29DA-454B-8079-A6CB20C37067}"
EndProject
Project("{FAE04EC0-301F-11D3-BF4B-00C04F79EFBC}") = "iAsset.Services", "iAsset.Services\iAsset.Services.csproj", "{71839702-9209-44C4-BC87-C4643002EBB6}"
EndProject
Project("{E24C65DC-7377-472B-9ABA-BC803B73C61A}") = "iAsset.Web", "..\iAsset.Web", "{9999B652-29F1-4908-8E72-9D1D979C1E35}"
	ProjectSection(WebsiteProperties) = preProject
		TargetFrameworkMoniker = ".NETFramework,Version%3Dv4.5.2"
		Debug.AspNetCompiler.VirtualPath = "/localhost_60986"
		Debug.AspNetCompiler.PhysicalPath = "..\iAsset.Web\"
		Debug.AspNetCompiler.TargetPath = "PrecompiledWeb\localhost_60986\"
		Debug.AspNetCompiler.Updateable = "true"
		Debug.AspNetCompiler.ForceOverwrite = "true"
		Debug.AspNetCompiler.FixedNames = "false"
		Debug.AspNetCompiler.Debug = "True"
		Release.AspNetCompiler.VirtualPath = "/localhost_60986"
		Release.AspNetCompiler.PhysicalPath = "..\iAsset.Web\"
		Release.AspNetCompiler.TargetPath = "PrecompiledWeb\localhost_60986\"
		Release.AspNetCompiler.Updateable = "true"
		Release.AspNetCompiler.ForceOverwrite = "true"
		Release.AspNetCompiler.FixedNames = "false"
		Release.AspNetCompiler.Debug = "False"
		VWDPort = "60986"
		SlnRelativePath = "..\iAsset.Web\"
	EndProjectSection
EndProject
Project("{FAE04EC0-301F-11D3-BF4B-00C04F79EFBC}") = "iAsset.Services.Tests", "iAsset.Services.Tests\iAsset.Services.Tests.csproj", "{FD57195E-0E2F-4617-9409-82A6D7CAA707}"
EndProject
Global
	GlobalSection(SolutionConfigurationPlatforms) = preSolution
		Debug|Any CPU = Debug|Any CPU
		Release|Any CPU = Release|Any CPU
	EndGlobalSection
	GlobalSection(ProjectConfigurationPlatforms) = postSolution
		{02328D7F-29DA-454B-8079-A6CB20C37067}.Debug|Any CPU.ActiveCfg = Debug|Any CPU
		{02328D7F-29DA-454B-8079-A6CB20C37067}.Debug|Any CPU.Build.0 = Debug|Any CPU
		{02328D7F-29DA-454B-8079-A6CB20C37067}.Release|Any CPU.ActiveCfg = Release|Any CPU
		{02328D7F-29DA-454B-8079-A6CB20C37067}.Release|Any CPU.Build.0 = Release|Any CPU
		{71839702-9209-44C4-BC87-C4643002EBB6}.Debug|Any CPU.ActiveCfg = Debug|Any CPU
		{71839702-9209-44C4-BC87-C4643002EBB6}.Debug|Any CPU.Build.0 = Debug|Any CPU
		{71839702-9209-44C4-BC87-C4643002EBB6}.Release|Any CPU.ActiveCfg = Release|Any CPU
		{71839702-9209-44C4-BC87-C4643002EBB6}.Release|Any CPU.Build.0 = Release|Any CPU
		{9999B652-29F1-4908-8E72-9D1D979C1E35}.Debug|Any CPU.ActiveCfg = Debug|Any CPU
		{9999B652-29F1-4908-8E72-9D1D979C1E35}.Debug|Any CPU.Build.0 = Debug|Any CPU
		{9999B652-29F1-4908-8E72-9D1D979C1E35}.Release|Any CPU.ActiveCfg = Debug|Any CPU
		{9999B652-29F1-4908-8E72-9D1D979C1E35}.Release|Any CPU.Build.0 = Debug|Any CPU
		{FD57195E-0E2F-4617-9409-82A6D7CAA707}.Debug|Any CPU.ActiveCfg = Debug|Any CPU
		{FD57195E-0E2F-4617-9409-82A6D7CAA707}.Debug|Any CPU.Build.0 = Debug|Any CPU
		{FD57195E-0E2F-4617-9409-82A6D7CAA707}.Release|Any CPU.ActiveCfg = Release|Any CPU
		{FD57195E-0E2F-4617-9409-82A6D7CAA707}.Release|Any CPU.Build.0 = Release|Any CPU
	EndGlobalSection
	GlobalSection(SolutionProperties) = preSolution
		HideSolutionNode = FALSE
	EndGlobalSection
EndGlobal
